
Microsoft Visual Studio Solution File, Format Version 12.00
# Visual Studio Version 17
VisualStudioVersion = 17.9.34728.123
MinimumVisualStudioVersion = 10.0.40219.1
Project("{9A19103F-16F7-4668-BE54-9A1E7A4F7556}") = "CarClassLibrary", "CarClassLibrary\CarClassLibrary.csproj", "{D45CFAFF-5F9E-48BC-8665-447AB19604DE}"
EndProject
Project("{9A19103F-16F7-4668-BE54-9A1E7A4F7556}") = "CarShopConsoleApp", "CarShopConsoleApp\CarShopConsoleApp.csproj", "{3A08F7B2-AB77-464C-843C-08E0CE5169A4}"
EndProject
Global
	GlobalSection(SolutionConfigurationPlatforms) = preSolution
		Debug|Any CPU = Debug|Any CPU
		Release|Any CPU = Release|Any CPU
	EndGlobalSection
	GlobalSection(ProjectConfigurationPlatforms) = postSolution
		{D45CFAFF-5F9E-48BC-8665-447AB19604DE}.Debug|Any CPU.ActiveCfg = Debug|Any CPU
		{D45CFAFF-5F9E-48BC-8665-447AB19604DE}.Debug|Any CPU.Build.0 = Debug|Any CPU
		{D45CFAFF-5F9E-48BC-8665-447AB19604DE}.Release|Any CPU.ActiveCfg = Release|Any CPU
		{D45CFAFF-5F9E-48BC-8665-447AB19604DE}.Release|Any CPU.Build.0 = Release|Any CPU
		{3A08F7B2-AB77-464C-843C-08E0CE5169A4}.Debug|Any CPU.ActiveCfg = Debug|Any CPU
		{3A08F7B2-AB77-464C-843C-08E0CE5169A4}.Debug|Any CPU.Build.0 = Debug|Any CPU
		{3A08F7B2-AB77-464C-843C-08E0CE5169A4}.Release|Any CPU.ActiveCfg = Release|Any CPU
		{3A08F7B2-AB77-464C-843C-08E0CE5169A4}.Release|Any CPU.Build.0 = Release|Any CPU
	EndGlobalSection
	GlobalSection(SolutionProperties) = preSolution
		HideSolutionNode = FALSE
	EndGlobalSection
	GlobalSection(ExtensibilityGlobals) = postSolution
		SolutionGuid = {F3673AC0-7F7E-4CD1-85ED-1724773233E1}
	EndGlobalSection
EndGlobal
